
Microsoft Visual Studio Solution File, Format Version 12.00
# Visual Studio Version 17
VisualStudioVersion = 17.5.33414.496
MinimumVisualStudioVersion = 10.0.40219.1
Project("{FAE04EC0-301F-11D3-BF4B-00C04F79EFBC}") = "UC_13_Kauan_LibraryOfOz_00001", "UC_13_Kauan_LibraryOfOz_00001\UC_13_Kauan_LibraryOfOz_00001.csproj", "{937E64A7-678A-4E87-81C7-D145203B4F7E}"
EndProject
Global
	GlobalSection(SolutionConfigurationPlatforms) = preSolution
		Debug|Any CPU = Debug|Any CPU
		Release|Any CPU = Release|Any CPU
	EndGlobalSection
	GlobalSection(ProjectConfigurationPlatforms) = postSolution
		{937E64A7-678A-4E87-81C7-D145203B4F7E}.Debug|Any CPU.ActiveCfg = Debug|Any CPU
		{937E64A7-678A-4E87-81C7-D145203B4F7E}.Debug|Any CPU.Build.0 = Debug|Any CPU
		{937E64A7-678A-4E87-81C7-D145203B4F7E}.Release|Any CPU.ActiveCfg = Release|Any CPU
		{937E64A7-678A-4E87-81C7-D145203B4F7E}.Release|Any CPU.Build.0 = Release|Any CPU
	EndGlobalSection
	GlobalSection(SolutionProperties) = preSolution
		HideSolutionNode = FALSE
	EndGlobalSection
	GlobalSection(ExtensibilityGlobals) = postSolution
		SolutionGuid = {15BA8C55-51A4-41C9-B99B-D738F00E8665}
	EndGlobalSection
EndGlobal
